{
  "name": "pwa-m3u-manager",
  "version": "0.1.0",
  "lockfileVersion": 1,
  "requires": true,
  "dependencies": {
    "@tanstack/react-virtual": {
      "version": "3.13.12",
      "resolved": "https://registry.npmjs.org/@tanstack/react-virtual/-/react-virtual-3.13.12.tgz",
      "integrity": "sha512-Gd13QdxPSukP8ZrkbgS2RwoZseTTbQPLnQEn7HY/rqtM+8Zt95f7xKC7N0EsKs7aoz0WzZ+fditZux+F8EzYxA==",
      "requires": {
        "@tanstack/virtual-core": "3.13.12"
      }
    },
    "@tanstack/virtual-core": {
      "version": "3.13.12",
      "resolved": "https://registry.npmjs.org/@tanstack/virtual-core/-/virtual-core-3.13.12.tgz",
      "integrity": "sha512-1YBOJfRHV4sXUmWsFSf5rQor4Ss82G8dQWLRbnk3GA4jeP8hQt1hxXh0tmflpC0dz3VgEv/1+qwPyLeWkQuPFA=="
    },
    "lucide-react": {
      "version": "0.378.0",
      "resolved": "https://registry.npmjs.org/lucide-react/-/lucide-react-0.378.0.tgz",
      "integrity": "sha512-u6EPU8juLUk9ytRcyapkWI18epAv3RU+6+TC23ivjR0e+glWKBobFeSgRwOIJihzktILQuy6E0E80P2jVTDR5g=="
    }
  }
}
